
Microsoft Visual Studio Solution File, Format Version 12.00
# Visual Studio Version 16
VisualStudioVersion = 16.0.29503.13
MinimumVisualStudioVersion = 10.0.40219.1
Project("{FAE04EC0-301F-11D3-BF4B-00C04F79EFBC}") = "Lab13", "Lab13\Lab13.csproj", "{EF09344D-2773-4586-AA13-38FE492E1C4B}"
EndProject
Global
	GlobalSection(SolutionConfigurationPlatforms) = preSolution
		Debug|Any CPU = Debug|Any CPU
		Release|Any CPU = Release|Any CPU
	EndGlobalSection
	GlobalSection(ProjectConfigurationPlatforms) = postSolution
		{EF09344D-2773-4586-AA13-38FE492E1C4B}.Debug|Any CPU.ActiveCfg = Debug|Any CPU
		{EF09344D-2773-4586-AA13-38FE492E1C4B}.Debug|Any CPU.Build.0 = Debug|Any CPU
		{EF09344D-2773-4586-AA13-38FE492E1C4B}.Release|Any CPU.ActiveCfg = Release|Any CPU
		{EF09344D-2773-4586-AA13-38FE492E1C4B}.Release|Any CPU.Build.0 = Release|Any CPU
	EndGlobalSection
	GlobalSection(SolutionProperties) = preSolution
		HideSolutionNode = FALSE
	EndGlobalSection
	GlobalSection(ExtensibilityGlobals) = postSolution
		SolutionGuid = {FAC1737E-41EE-4C2E-BA9B-0E4A8B3D40F3}
	EndGlobalSection
EndGlobal
