
Microsoft Visual Studio Solution File, Format Version 12.00
# Visual Studio 15
VisualStudioVersion = 15.0.28307.1000
MinimumVisualStudioVersion = 10.0.40219.1
Project("{FAE04EC0-301F-11D3-BF4B-00C04F79EFBC}") = "KMZI9", "KMZI9\KMZI9.csproj", "{248D60A8-EDEC-43AA-B882-F37F14E85FDF}"
EndProject
Global
	GlobalSection(SolutionConfigurationPlatforms) = preSolution
		Debug|Any CPU = Debug|Any CPU
		Release|Any CPU = Release|Any CPU
	EndGlobalSection
	GlobalSection(ProjectConfigurationPlatforms) = postSolution
		{248D60A8-EDEC-43AA-B882-F37F14E85FDF}.Debug|Any CPU.ActiveCfg = Debug|Any CPU
		{248D60A8-EDEC-43AA-B882-F37F14E85FDF}.Debug|Any CPU.Build.0 = Debug|Any CPU
		{248D60A8-EDEC-43AA-B882-F37F14E85FDF}.Release|Any CPU.ActiveCfg = Release|Any CPU
		{248D60A8-EDEC-43AA-B882-F37F14E85FDF}.Release|Any CPU.Build.0 = Release|Any CPU
	EndGlobalSection
	GlobalSection(SolutionProperties) = preSolution
		HideSolutionNode = FALSE
	EndGlobalSection
	GlobalSection(ExtensibilityGlobals) = postSolution
		SolutionGuid = {027B3345-5DC9-468C-B2DC-205CEA0D3D4E}
	EndGlobalSection
EndGlobal
